<?xml version="1.0" encoding="UTF-8" standalone="yes" ?>
<CodeBlocks_project_file>
	<FileVersion major="1" minor="6" />
	<Project>
		<Option title="SUDOKU" />
		<Option pch_mode="2" />
		<Option compiler="gcc" />
		<Build>
			<Target title="Debug">
				<Option output="bin\Debug\SUDOKU" prefix_auto="1" extension_auto="1" />
				<Option object_output="obj\Debug\" />
				<Option type="1" />
				<Option compiler="gcc" />
				<Compiler>
					<Add option="-g" />
				</Compiler>
			</Target>
			<Target title="Release">
				<Option output="bin\Release\SUDOKU" prefix_auto="1" extension_auto="1" />
				<Option object_output="obj\Release\" />
				<Option type="0" />
				<Option compiler="gcc" />
				<Compiler>
					<Add option="-O2" />
				</Compiler>
				<Linker>
					<Add option="-s" />
				</Linker>
			</Target>
		</Build>
		<Compiler>
			<Add option="-mms-bitfields" />
			<Add option="-Wall" />
			<Add directory="$(#gtk.include)" />
			<Add directory="$(#gtk.include)\gtk-2.0" />
			<Add directory="$(#gtk.include)\cairo" />
			<Add directory="$(#gtk.include)\gdk" />
			<Add directory="$(#gtk.include)\glib-2.0" />
			<Add directory="$(#gtk.lib)\glib-2.0\include" />
			<Add directory="$(#gtk.include)\pango-1.0" />
			<Add directory="$(#gtk.lib)\gtk-2.0\include" />
			<Add directory="$(#gtk.include)\atk-1.0" />
		</Compiler>
		<Linker>
			<Add library="gtk-win32-2.0" />
			<Add library="gobject-2.0" />
			<Add library="glib-2.0" />
			<Add directory="$(#gtk.lib)" />
		</Linker>
		<Unit filename="color.h" />
		<Unit filename="fonctions.c">
			<Option compilerVar="CC" />
		</Unit>
		<Unit filename="fonctions.h" />
		<Unit filename="gtk-sudoku.c">
			<Option compilerVar="CC" />
		</Unit>
		<Unit filename="gtk-sudoku.h" />
		<Unit filename="main.c">
			<Option compilerVar="CC" />
		</Unit>
		<Extensions>
			<code_completion />
			<debugger />
		</Extensions>
	</Project>
</CodeBlocks_project_file>
